Microsoft Visual Studio Solution File, Format Version 8.00
Project("{8BC9CEB8-8B4A-11D0-8D11-00A0C91BC942}") = "test", "test.vcproj", "{32613DA3-9EA5-4503-8980-EAE9E3EE3741}"
	ProjectSection(ProjectDependencies) = postProject
	EndProjectSection
EndProject
Global
	GlobalSection(SolutionConfiguration) = preSolution
		Debug = Debug
		Release = Release
	EndGlobalSection
	GlobalSection(ProjectConfiguration) = postSolution
		{32613DA3-9EA5-4503-8980-EAE9E3EE3741}.Debug.ActiveCfg = Debug|Win32
		{32613DA3-9EA5-4503-8980-EAE9E3EE3741}.Debug.Build.0 = Debug|Win32
		{32613DA3-9EA5-4503-8980-EAE9E3EE3741}.Release.ActiveCfg = Release|Win32
		{32613DA3-9EA5-4503-8980-EAE9E3EE3741}.Release.Build.0 = Release|Win32
	EndGlobalSection
	GlobalSection(ExtensibilityGlobals) = postSolution
	EndGlobalSection
	GlobalSection(ExtensibilityAddIns) = postSolution
	EndGlobalSection
EndGlobal
